
Microsoft Visual Studio Solution File, Format Version 12.00
# Visual Studio Version 16
VisualStudioVersion = 16.0.29215.179
MinimumVisualStudioVersion = 10.0.40219.1
Project("{FAE04EC0-301F-11D3-BF4B-00C04F79EFBC}") = "FunctionApp1", "FunctionApp1\FunctionApp1.csproj", "{BBD630FD-0A88-4954-8033-A7213E907B40}"
EndProject
Global
	GlobalSection(SolutionConfigurationPlatforms) = preSolution
		Debug|Any CPU = Debug|Any CPU
		Release|Any CPU = Release|Any CPU
	EndGlobalSection
	GlobalSection(ProjectConfigurationPlatforms) = postSolution
		{BBD630FD-0A88-4954-8033-A7213E907B40}.Debug|Any CPU.ActiveCfg = Debug|Any CPU
		{BBD630FD-0A88-4954-8033-A7213E907B40}.Debug|Any CPU.Build.0 = Debug|Any CPU
		{BBD630FD-0A88-4954-8033-A7213E907B40}.Release|Any CPU.ActiveCfg = Release|Any CPU
		{BBD630FD-0A88-4954-8033-A7213E907B40}.Release|Any CPU.Build.0 = Release|Any CPU
	EndGlobalSection
	GlobalSection(SolutionProperties) = preSolution
		HideSolutionNode = FALSE
	EndGlobalSection
	GlobalSection(ExtensibilityGlobals) = postSolution
		SolutionGuid = {4C6A016C-A82A-4DB9-A989-AC34D33C58DE}
	EndGlobalSection
EndGlobal
