
Microsoft Visual Studio Solution File, Format Version 12.00
# Visual Studio Version 16
VisualStudioVersion = 16.0.29215.179
MinimumVisualStudioVersion = 10.0.40219.1
Project("{FAE04EC0-301F-11D3-BF4B-00C04F79EFBC}") = "Cosmos", "Cosmos.csproj", "{11E36553-D98D-44B3-8C14-E248129F65AE}"
EndProject
Global
	GlobalSection(SolutionConfigurationPlatforms) = preSolution
		Debug|Any CPU = Debug|Any CPU
		Release|Any CPU = Release|Any CPU
	EndGlobalSection
	GlobalSection(ProjectConfigurationPlatforms) = postSolution
		{11E36553-D98D-44B3-8C14-E248129F65AE}.Debug|Any CPU.ActiveCfg = Debug|Any CPU
		{11E36553-D98D-44B3-8C14-E248129F65AE}.Debug|Any CPU.Build.0 = Debug|Any CPU
		{11E36553-D98D-44B3-8C14-E248129F65AE}.Release|Any CPU.ActiveCfg = Release|Any CPU
		{11E36553-D98D-44B3-8C14-E248129F65AE}.Release|Any CPU.Build.0 = Release|Any CPU
	EndGlobalSection
	GlobalSection(SolutionProperties) = preSolution
		HideSolutionNode = FALSE
	EndGlobalSection
	GlobalSection(ExtensibilityGlobals) = postSolution
		SolutionGuid = {AE9C362C-3AE9-4603-B458-4D25612A36B6}
	EndGlobalSection
EndGlobal
